
Microsoft Visual Studio Solution File, Format Version 12.00
# Visual Studio Version 17
VisualStudioVersion = 17.0.32014.148
MinimumVisualStudioVersion = 10.0.40219.1
Project("{FAE04EC0-301F-11D3-BF4B-00C04F79EFBC}") = "ExPag33", "ExPag33\ExPag33.csproj", "{67FA0206-7D00-4BE6-B72F-355865633B36}"
EndProject
Global
	GlobalSection(SolutionConfigurationPlatforms) = preSolution
		Debug|Any CPU = Debug|Any CPU
		Release|Any CPU = Release|Any CPU
	EndGlobalSection
	GlobalSection(ProjectConfigurationPlatforms) = postSolution
		{67FA0206-7D00-4BE6-B72F-355865633B36}.Debug|Any CPU.ActiveCfg = Debug|Any CPU
		{67FA0206-7D00-4BE6-B72F-355865633B36}.Debug|Any CPU.Build.0 = Debug|Any CPU
		{67FA0206-7D00-4BE6-B72F-355865633B36}.Release|Any CPU.ActiveCfg = Release|Any CPU
		{67FA0206-7D00-4BE6-B72F-355865633B36}.Release|Any CPU.Build.0 = Release|Any CPU
	EndGlobalSection
	GlobalSection(SolutionProperties) = preSolution
		HideSolutionNode = FALSE
	EndGlobalSection
	GlobalSection(ExtensibilityGlobals) = postSolution
		SolutionGuid = {87688EFD-23D7-4426-AE0E-9374E0A30017}
	EndGlobalSection
EndGlobal
