
Microsoft Visual Studio Solution File, Format Version 12.00
# Visual Studio Version 17
VisualStudioVersion = 17.0.32014.148
MinimumVisualStudioVersion = 10.0.40219.1
Project("{FAE04EC0-301F-11D3-BF4B-00C04F79EFBC}") = "console_03", "console_03\console_03.csproj", "{3DEFB65C-1E50-4CF1-891F-0B38BD25BF02}"
EndProject
Global
	GlobalSection(SolutionConfigurationPlatforms) = preSolution
		Debug|Any CPU = Debug|Any CPU
		Release|Any CPU = Release|Any CPU
	EndGlobalSection
	GlobalSection(ProjectConfigurationPlatforms) = postSolution
		{3DEFB65C-1E50-4CF1-891F-0B38BD25BF02}.Debug|Any CPU.ActiveCfg = Debug|Any CPU
		{3DEFB65C-1E50-4CF1-891F-0B38BD25BF02}.Debug|Any CPU.Build.0 = Debug|Any CPU
		{3DEFB65C-1E50-4CF1-891F-0B38BD25BF02}.Release|Any CPU.ActiveCfg = Release|Any CPU
		{3DEFB65C-1E50-4CF1-891F-0B38BD25BF02}.Release|Any CPU.Build.0 = Release|Any CPU
	EndGlobalSection
	GlobalSection(SolutionProperties) = preSolution
		HideSolutionNode = FALSE
	EndGlobalSection
	GlobalSection(ExtensibilityGlobals) = postSolution
		SolutionGuid = {9C706BF5-0191-41B9-8A2B-8B5FF647424D}
	EndGlobalSection
EndGlobal
