
Microsoft Visual Studio Solution File, Format Version 12.00
# Visual Studio Version 17
VisualStudioVersion = 17.0.32014.148
MinimumVisualStudioVersion = 10.0.40219.1
Project("{FAE04EC0-301F-11D3-BF4B-00C04F79EFBC}") = "Console_01", "Console_01\Console_01.csproj", "{8AB2760D-2B74-4578-805A-2699C182CA79}"
EndProject
Global
	GlobalSection(SolutionConfigurationPlatforms) = preSolution
		Debug|Any CPU = Debug|Any CPU
		Release|Any CPU = Release|Any CPU
	EndGlobalSection
	GlobalSection(ProjectConfigurationPlatforms) = postSolution
		{8AB2760D-2B74-4578-805A-2699C182CA79}.Debug|Any CPU.ActiveCfg = Debug|Any CPU
		{8AB2760D-2B74-4578-805A-2699C182CA79}.Debug|Any CPU.Build.0 = Debug|Any CPU
		{8AB2760D-2B74-4578-805A-2699C182CA79}.Release|Any CPU.ActiveCfg = Release|Any CPU
		{8AB2760D-2B74-4578-805A-2699C182CA79}.Release|Any CPU.Build.0 = Release|Any CPU
	EndGlobalSection
	GlobalSection(SolutionProperties) = preSolution
		HideSolutionNode = FALSE
	EndGlobalSection
	GlobalSection(ExtensibilityGlobals) = postSolution
		SolutionGuid = {BB4F8D56-7A58-43AE-BE48-F78388292260}
	EndGlobalSection
EndGlobal
